
Microsoft Visual Studio Solution File, Format Version 12.00
Project("{FAE04EC0-301F-11D3-BF4B-00C04F79EFBC}") = "HW", "HW\HW.csproj", "{9683D44A-8BA5-4050-A28E-E852CC44FBCC}"
EndProject
Global
	GlobalSection(SolutionConfigurationPlatforms) = preSolution
		Debug|Any CPU = Debug|Any CPU
		Release|Any CPU = Release|Any CPU
	EndGlobalSection
	GlobalSection(ProjectConfigurationPlatforms) = postSolution
		{9683D44A-8BA5-4050-A28E-E852CC44FBCC}.Debug|Any CPU.ActiveCfg = Debug|Any CPU
		{9683D44A-8BA5-4050-A28E-E852CC44FBCC}.Debug|Any CPU.Build.0 = Debug|Any CPU
		{9683D44A-8BA5-4050-A28E-E852CC44FBCC}.Release|Any CPU.ActiveCfg = Release|Any CPU
		{9683D44A-8BA5-4050-A28E-E852CC44FBCC}.Release|Any CPU.Build.0 = Release|Any CPU
	EndGlobalSection
EndGlobal
